
Microsoft Visual Studio Solution File, Format Version 12.00
# Visual Studio Version 16
VisualStudioVersion = 16.0.810.17
MinimumVisualStudioVersion = 10.0.40219.1
Project("{FAE04EC0-301F-11D3-BF4B-00C04F79EFBC}") = "TicTacToe.iOS", "TicTacToe.iOS\TicTacToe.iOS.csproj", "{A9D80742-6EA0-4908-B60D-C005C9AFDAAF}"
EndProject
Project("{FAE04EC0-301F-11D3-BF4B-00C04F79EFBC}") = "TicTacToe", "TicTacToe\TicTacToe.csproj", "{CB3152ED-063C-4CAB-8A67-CED1D4E8986D}"
EndProject
Project("{FAE04EC0-301F-11D3-BF4B-00C04F79EFBC}") = "TicTacToe.Mac", "TicTacToe.Mac\TicTacToe.Mac.csproj", "{FA257B10-31FE-4309-9C11-5213D3ECC2F5}"
EndProject
Project("{2150E333-8FDC-42A3-9474-1A3956D46DE8}") = "Solution Items", "Solution Items", "{ED950005-2854-4221-881C-4C6B4695E0B1}"
	ProjectSection(SolutionItems) = preProject
		README.md = README.md
	EndProjectSection
EndProject
Global
	GlobalSection(SolutionConfigurationPlatforms) = preSolution
		Debug|iPhoneSimulator = Debug|iPhoneSimulator
		Release|iPhoneSimulator = Release|iPhoneSimulator
		Debug|iPhone = Debug|iPhone
		Release|iPhone = Release|iPhone
		Debug|Any CPU = Debug|Any CPU
		Release|Any CPU = Release|Any CPU
	EndGlobalSection
	GlobalSection(ProjectConfigurationPlatforms) = postSolution
		{A9D80742-6EA0-4908-B60D-C005C9AFDAAF}.Debug|iPhoneSimulator.ActiveCfg = Debug|iPhoneSimulator
		{A9D80742-6EA0-4908-B60D-C005C9AFDAAF}.Debug|iPhoneSimulator.Build.0 = Debug|iPhoneSimulator
		{A9D80742-6EA0-4908-B60D-C005C9AFDAAF}.Release|iPhoneSimulator.ActiveCfg = Release|iPhoneSimulator
		{A9D80742-6EA0-4908-B60D-C005C9AFDAAF}.Release|iPhoneSimulator.Build.0 = Release|iPhoneSimulator
		{A9D80742-6EA0-4908-B60D-C005C9AFDAAF}.Debug|iPhone.ActiveCfg = Debug|iPhone
		{A9D80742-6EA0-4908-B60D-C005C9AFDAAF}.Debug|iPhone.Build.0 = Debug|iPhone
		{A9D80742-6EA0-4908-B60D-C005C9AFDAAF}.Release|iPhone.ActiveCfg = Release|iPhone
		{A9D80742-6EA0-4908-B60D-C005C9AFDAAF}.Release|iPhone.Build.0 = Release|iPhone
		{A9D80742-6EA0-4908-B60D-C005C9AFDAAF}.Debug|Any CPU.ActiveCfg = Debug|iPhoneSimulator
		{A9D80742-6EA0-4908-B60D-C005C9AFDAAF}.Debug|Any CPU.Build.0 = Debug|iPhoneSimulator
		{A9D80742-6EA0-4908-B60D-C005C9AFDAAF}.Release|Any CPU.ActiveCfg = Release|iPhoneSimulator
		{A9D80742-6EA0-4908-B60D-C005C9AFDAAF}.Release|Any CPU.Build.0 = Release|iPhoneSimulator
		{CB3152ED-063C-4CAB-8A67-CED1D4E8986D}.Debug|iPhoneSimulator.ActiveCfg = Debug|Any CPU
		{CB3152ED-063C-4CAB-8A67-CED1D4E8986D}.Debug|iPhoneSimulator.Build.0 = Debug|Any CPU
		{CB3152ED-063C-4CAB-8A67-CED1D4E8986D}.Release|iPhoneSimulator.ActiveCfg = Release|Any CPU
		{CB3152ED-063C-4CAB-8A67-CED1D4E8986D}.Release|iPhoneSimulator.Build.0 = Release|Any CPU
		{CB3152ED-063C-4CAB-8A67-CED1D4E8986D}.Debug|iPhone.ActiveCfg = Debug|Any CPU
		{CB3152ED-063C-4CAB-8A67-CED1D4E8986D}.Debug|iPhone.Build.0 = Debug|Any CPU
		{CB3152ED-063C-4CAB-8A67-CED1D4E8986D}.Release|iPhone.ActiveCfg = Release|Any CPU
		{CB3152ED-063C-4CAB-8A67-CED1D4E8986D}.Release|iPhone.Build.0 = Release|Any CPU
		{CB3152ED-063C-4CAB-8A67-CED1D4E8986D}.Debug|Any CPU.ActiveCfg = Debug|Any CPU
		{CB3152ED-063C-4CAB-8A67-CED1D4E8986D}.Debug|Any CPU.Build.0 = Debug|Any CPU
		{CB3152ED-063C-4CAB-8A67-CED1D4E8986D}.Release|Any CPU.ActiveCfg = Release|Any CPU
		{CB3152ED-063C-4CAB-8A67-CED1D4E8986D}.Release|Any CPU.Build.0 = Release|Any CPU
		{FA257B10-31FE-4309-9C11-5213D3ECC2F5}.Debug|iPhoneSimulator.ActiveCfg = Debug|Any CPU
		{FA257B10-31FE-4309-9C11-5213D3ECC2F5}.Debug|iPhoneSimulator.Build.0 = Debug|Any CPU
		{FA257B10-31FE-4309-9C11-5213D3ECC2F5}.Release|iPhoneSimulator.ActiveCfg = Release|Any CPU
		{FA257B10-31FE-4309-9C11-5213D3ECC2F5}.Release|iPhoneSimulator.Build.0 = Release|Any CPU
		{FA257B10-31FE-4309-9C11-5213D3ECC2F5}.Debug|iPhone.ActiveCfg = Debug|Any CPU
		{FA257B10-31FE-4309-9C11-5213D3ECC2F5}.Debug|iPhone.Build.0 = Debug|Any CPU
		{FA257B10-31FE-4309-9C11-5213D3ECC2F5}.Release|iPhone.ActiveCfg = Release|Any CPU
		{FA257B10-31FE-4309-9C11-5213D3ECC2F5}.Release|iPhone.Build.0 = Release|Any CPU
		{FA257B10-31FE-4309-9C11-5213D3ECC2F5}.Debug|Any CPU.ActiveCfg = Debug|Any CPU
		{FA257B10-31FE-4309-9C11-5213D3ECC2F5}.Debug|Any CPU.Build.0 = Debug|Any CPU
		{FA257B10-31FE-4309-9C11-5213D3ECC2F5}.Release|Any CPU.ActiveCfg = Release|Any CPU
		{FA257B10-31FE-4309-9C11-5213D3ECC2F5}.Release|Any CPU.Build.0 = Release|Any CPU
	EndGlobalSection
	GlobalSection(SolutionProperties) = preSolution
		HideSolutionNode = FALSE
	EndGlobalSection
	GlobalSection(ExtensibilityGlobals) = postSolution
		SolutionGuid = {C0503FFC-D8E4-4AB6-910C-7035B9173335}
	EndGlobalSection
EndGlobal
